{
  "requires": true,
  "lockfileVersion": 1,
  "dependencies": {
    "reactjs-popup": {
      "version": "1.4.1",
      "resolved": "https://registry.npmjs.org/reactjs-popup/-/reactjs-popup-1.4.1.tgz",
      "integrity": "sha512-Q1yLwo4X+on6k/45usKuOdmIkJr5TnL+8LUNtFvNLNmGLEdOnZn1uR57iq36E8RrMJc+d+tSGdgo8uaJKkxNNA=="
    }
  }
}
